// !$*UTF8*$!
{
	archiveVersion = 1;
	classes = {
	};
	objectVersion = 56;
	objects = {

/* Begin PBXBuildFile section */
		CF45F2D02AD85E97004CAE8D /* GoogleService-Info.plist in Resources */ = {isa = PBXBuildFile; fileRef = CF45F2CF2AD85E97004CAE8D /* GoogleService-Info.plist */; };
		CF45F2D62AD86074004CAE8D /* AppDelegate.swift in Sources */ = {isa = PBXBuildFile; fileRef = CF45F2D52AD86074004CAE8D /* AppDelegate.swift */; };
		CF7E0EF32AD84686003244D1 /* AdHocApp.swift in Sources */ = {isa = PBXBuildFile; fileRef = CF7E0EF22AD84686003244D1 /* AdHocApp.swift */; };
		CF7E0EF72AD84688003244D1 /* Assets.xcassets in Resources */ = {isa = PBXBuildFile; fileRef = CF7E0EF62AD84688003244D1 /* Assets.xcassets */; };
		CF7E0EFA2AD84688003244D1 /* Preview Assets.xcassets in Resources */ = {isa = PBXBuildFile; fileRef = CF7E0EF92AD84688003244D1 /* Preview Assets.xcassets */; };
		CF7E0F022AD846A3003244D1 /* SSLCertificateCheckPackage in Frameworks */ = {isa = PBXBuildFile; productRef = CF7E0F012AD846A3003244D1 /* SSLCertificateCheckPackage */; };
		CFECF1BD2ADD5E5100E86AC0 /* MainInterface.storyboard in Resources */ = {isa = PBXBuildFile; fileRef = CFECF1BB2ADD5E5100E86AC0 /* MainInterface.storyboard */; };
		CFECF1C12ADD5E5100E86AC0 /* ShareExtensionAdHoc.appex in Embed Foundation Extensions */ = {isa = PBXBuildFile; fileRef = CFECF1B72ADD5E5100E86AC0 /* ShareExtensionAdHoc.appex */; settings = {ATTRIBUTES = (RemoveHeadersOnCopy, ); }; };
		CFECF1C62ADD5EA900E86AC0 /* Share in Frameworks */ = {isa = PBXBuildFile; productRef = CFECF1C52ADD5EA900E86AC0 /* Share */; };
		CFECF1DE2ADD5F7800E86AC0 /* ShareViewController.swift in Sources */ = {isa = PBXBuildFile; fileRef = CFECF1DD2ADD5F7800E86AC0 /* ShareViewController.swift */; };
/* End PBXBuildFile section */

/* Begin PBXContainerItemProxy section */
		CFECF1BF2ADD5E5100E86AC0 /* PBXContainerItemProxy */ = {
			isa = PBXContainerItemProxy;
			containerPortal = CF7E0EE72AD84686003244D1 /* Project object */;
			proxyType = 1;
			remoteGlobalIDString = CFECF1B62ADD5E5100E86AC0;
			remoteInfo = ShareExtensionAdHoc;
		};
/* End PBXContainerItemProxy section */

/* Begin PBXCopyFilesBuildPhase section */
		CF3950002B32E9C10031D75A /* Embed App Clips */ = {
			isa = PBXCopyFilesBuildPhase;
			buildActionMask = 2147483647;
			dstPath = "$(CONTENTS_FOLDER_PATH)/AppClips";
			dstSubfolderSpec = 16;
			files = (
			);
			name = "Embed App Clips";
			runOnlyForDeploymentPostprocessing = 0;
		};
		CFECF12C2ADD57F900E86AC0 /* Embed Foundation Extensions */ = {
			isa = PBXCopyFilesBuildPhase;
			buildActionMask = 2147483647;
			dstPath = "";
			dstSubfolderSpec = 13;
			files = (
				CFECF1C12ADD5E5100E86AC0 /* ShareExtensionAdHoc.appex in Embed Foundation Extensions */,
			);
			name = "Embed Foundation Extensions";
			runOnlyForDeploymentPostprocessing = 0;
		};
/* End PBXCopyFilesBuildPhase section */

/* Begin PBXFileReference section */
		CF45F2CF2AD85E97004CAE8D /* GoogleService-Info.plist */ = {isa = PBXFileReference; fileEncoding = 4; lastKnownFileType = text.plist.xml; path = "GoogleService-Info.plist"; sourceTree = "<group>"; };
		CF45F2D52AD86074004CAE8D /* AppDelegate.swift */ = {isa = PBXFileReference; lastKnownFileType = sourcecode.swift; path = AppDelegate.swift; sourceTree = "<group>"; };
		CF4E2F362ADEE41500ECB5A2 /* Info.plist */ = {isa = PBXFileReference; lastKnownFileType = text.plist; path = Info.plist; sourceTree = "<group>"; };
		CF7E0EEF2AD84686003244D1 /* AdHoc.app */ = {isa = PBXFileReference; explicitFileType = wrapper.application; includeInIndex = 0; path = AdHoc.app; sourceTree = BUILT_PRODUCTS_DIR; };
		CF7E0EF22AD84686003244D1 /* AdHocApp.swift */ = {isa = PBXFileReference; lastKnownFileType = sourcecode.swift; path = AdHocApp.swift; sourceTree = "<group>"; };
		CF7E0EF62AD84688003244D1 /* Assets.xcassets */ = {isa = PBXFileReference; lastKnownFileType = folder.assetcatalog; path = Assets.xcassets; sourceTree = "<group>"; };
		CF7E0EF92AD84688003244D1 /* Preview Assets.xcassets */ = {isa = PBXFileReference; lastKnownFileType = folder.assetcatalog; path = "Preview Assets.xcassets"; sourceTree = "<group>"; };
		CFBD32E02ADC0DBE00AE46D3 /* PrivacyInfo.xcprivacy */ = {isa = PBXFileReference; lastKnownFileType = text.xml; path = PrivacyInfo.xcprivacy; sourceTree = "<group>"; };
		CFBD32E32ADC6B1C00AE46D3 /* AdHoc.entitlements */ = {isa = PBXFileReference; lastKnownFileType = text.plist.entitlements; path = AdHoc.entitlements; sourceTree = "<group>"; };
		CFECF1B72ADD5E5100E86AC0 /* ShareExtensionAdHoc.appex */ = {isa = PBXFileReference; explicitFileType = "wrapper.app-extension"; includeInIndex = 0; path = ShareExtensionAdHoc.appex; sourceTree = BUILT_PRODUCTS_DIR; };
		CFECF1BC2ADD5E5100E86AC0 /* Base */ = {isa = PBXFileReference; lastKnownFileType = file.storyboard; name = Base; path = Base.lproj/MainInterface.storyboard; sourceTree = "<group>"; };
		CFECF1BE2ADD5E5100E86AC0 /* Info.plist */ = {isa = PBXFileReference; lastKnownFileType = text.plist.xml; path = Info.plist; sourceTree = "<group>"; };
		CFECF1DD2ADD5F7800E86AC0 /* ShareViewController.swift */ = {isa = PBXFileReference; fileEncoding = 4; lastKnownFileType = sourcecode.swift; name = ShareViewController.swift; path = ../../ShareExtension/ShareViewController.swift; sourceTree = "<group>"; };
/* End PBXFileReference section */

/* Begin PBXFrameworksBuildPhase section */
		CF7E0EEC2AD84686003244D1 /* Frameworks */ = {
			isa = PBXFrameworksBuildPhase;
			buildActionMask = 2147483647;
			files = (
				CF7E0F022AD846A3003244D1 /* SSLCertificateCheckPackage in Frameworks */,
			);
			runOnlyForDeploymentPostprocessing = 0;
		};
		CFECF1B42ADD5E5100E86AC0 /* Frameworks */ = {
			isa = PBXFrameworksBuildPhase;
			buildActionMask = 2147483647;
			files = (
				CFECF1C62ADD5EA900E86AC0 /* Share in Frameworks */,
			);
			runOnlyForDeploymentPostprocessing = 0;
		};
/* End PBXFrameworksBuildPhase section */

/* Begin PBXGroup section */
		CF7E0EE62AD84686003244D1 = {
			isa = PBXGroup;
			children = (
				CF7E0EF12AD84686003244D1 /* AdHoc */,
				CFECF1B82ADD5E5100E86AC0 /* ShareExtensionAdHoc */,
				CF7E0EF02AD84686003244D1 /* Products */,
				CF7E0F002AD846A3003244D1 /* Frameworks */,
			);
			sourceTree = "<group>";
		};
		CF7E0EF02AD84686003244D1 /* Products */ = {
			isa = PBXGroup;
			children = (
				CF7E0EEF2AD84686003244D1 /* AdHoc.app */,
				CFECF1B72ADD5E5100E86AC0 /* ShareExtensionAdHoc.appex */,
			);
			name = Products;
			sourceTree = "<group>";
		};
		CF7E0EF12AD84686003244D1 /* AdHoc */ = {
			isa = PBXGroup;
			children = (
				CF4E2F362ADEE41500ECB5A2 /* Info.plist */,
				CFBD32E32ADC6B1C00AE46D3 /* AdHoc.entitlements */,
				CF45F2D52AD86074004CAE8D /* AppDelegate.swift */,
				CF7E0EF22AD84686003244D1 /* AdHocApp.swift */,
				CF45F2CF2AD85E97004CAE8D /* GoogleService-Info.plist */,
				CF7E0EF62AD84688003244D1 /* Assets.xcassets */,
				CFBD32E02ADC0DBE00AE46D3 /* PrivacyInfo.xcprivacy */,
				CF7E0EF82AD84688003244D1 /* Preview Content */,
			);
			path = AdHoc;
			sourceTree = "<group>";
		};
		CF7E0EF82AD84688003244D1 /* Preview Content */ = {
			isa = PBXGroup;
			children = (
				CF7E0EF92AD84688003244D1 /* Preview Assets.xcassets */,
			);
			path = "Preview Content";
			sourceTree = "<group>";
		};
		CF7E0F002AD846A3003244D1 /* Frameworks */ = {
			isa = PBXGroup;
			children = (
			);
			name = Frameworks;
			sourceTree = "<group>";
		};
		CFECF1B82ADD5E5100E86AC0 /* ShareExtensionAdHoc */ = {
			isa = PBXGroup;
			children = (
				CFECF1DD2ADD5F7800E86AC0 /* ShareViewController.swift */,
				CFECF1BB2ADD5E5100E86AC0 /* MainInterface.storyboard */,
				CFECF1BE2ADD5E5100E86AC0 /* Info.plist */,
			);
			path = ShareExtensionAdHoc;
			sourceTree = "<group>";
		};
/* End PBXGroup section */

/* Begin PBXNativeTarget section */
		CF7E0EEE2AD84686003244D1 /* AdHoc */ = {
			isa = PBXNativeTarget;
			buildConfigurationList = CF7E0EFD2AD84688003244D1 /* Build configuration list for PBXNativeTarget "AdHoc" */;
			buildPhases = (
				CF7E0EEB2AD84686003244D1 /* Sources */,
				CF7E0EEC2AD84686003244D1 /* Frameworks */,
				CF7E0EED2AD84686003244D1 /* Resources */,
				CFECF12C2ADD57F900E86AC0 /* Embed Foundation Extensions */,
				CF3950002B32E9C10031D75A /* Embed App Clips */,
			);
			buildRules = (
			);
			dependencies = (
				CFECF1C02ADD5E5100E86AC0 /* PBXTargetDependency */,
			);
			name = AdHoc;
			packageProductDependencies = (
				CF7E0F012AD846A3003244D1 /* SSLCertificateCheckPackage */,
			);
			productName = AdHoc;
			productReference = CF7E0EEF2AD84686003244D1 /* AdHoc.app */;
			productType = "com.apple.product-type.application";
		};
		CFECF1B62ADD5E5100E86AC0 /* ShareExtensionAdHoc */ = {
			isa = PBXNativeTarget;
			buildConfigurationList = CFECF1C22ADD5E5100E86AC0 /* Build configuration list for PBXNativeTarget "ShareExtensionAdHoc" */;
			buildPhases = (
				CFECF1B32ADD5E5100E86AC0 /* Sources */,
				CFECF1B42ADD5E5100E86AC0 /* Frameworks */,
				CFECF1B52ADD5E5100E86AC0 /* Resources */,
			);
			buildRules = (
			);
			dependencies = (
			);
			name = ShareExtensionAdHoc;
			packageProductDependencies = (
				CFECF1C52ADD5EA900E86AC0 /* Share */,
			);
			productName = ShareExtensionAdHoc;
			productReference = CFECF1B72ADD5E5100E86AC0 /* ShareExtensionAdHoc.appex */;
			productType = "com.apple.product-type.app-extension";
		};
/* End PBXNativeTarget section */

/* Begin PBXProject section */
		CF7E0EE72AD84686003244D1 /* Project object */ = {
			isa = PBXProject;
			attributes = {
				BuildIndependentTargetsInParallel = 1;
				LastSwiftUpdateCheck = 1510;
				LastUpgradeCheck = 2620;
				TargetAttributes = {
					CF7E0EEE2AD84686003244D1 = {
						CreatedOnToolsVersion = 15.0;
					};
					CFECF1B62ADD5E5100E86AC0 = {
						CreatedOnToolsVersion = 15.0;
						LastSwiftMigration = 1500;
					};
				};
			};
			buildConfigurationList = CF7E0EEA2AD84686003244D1 /* Build configuration list for PBXProject "AdHoc" */;
			compatibilityVersion = "Xcode 14.0";
			developmentRegion = en;
			hasScannedForEncodings = 0;
			knownRegions = (
				en,
				Base,
			);
			mainGroup = CF7E0EE62AD84686003244D1;
			productRefGroup = CF7E0EF02AD84686003244D1 /* Products */;
			projectDirPath = "";
			projectRoot = "";
			targets = (
				CF7E0EEE2AD84686003244D1 /* AdHoc */,
				CFECF1B62ADD5E5100E86AC0 /* ShareExtensionAdHoc */,
			);
		};
/* End PBXProject section */

/* Begin PBXResourcesBuildPhase section */
		CF7E0EED2AD84686003244D1 /* Resources */ = {
			isa = PBXResourcesBuildPhase;
			buildActionMask = 2147483647;
			files = (
				CF7E0EFA2AD84688003244D1 /* Preview Assets.xcassets in Resources */,
				CF7E0EF72AD84688003244D1 /* Assets.xcassets in Resources */,
				CF45F2D02AD85E97004CAE8D /* GoogleService-Info.plist in Resources */,
			);
			runOnlyForDeploymentPostprocessing = 0;
		};
		CFECF1B52ADD5E5100E86AC0 /* Resources */ = {
			isa = PBXResourcesBuildPhase;
			buildActionMask = 2147483647;
			files = (
				CFECF1BD2ADD5E5100E86AC0 /* MainInterface.storyboard in Resources */,
			);
			runOnlyForDeploymentPostprocessing = 0;
		};
/* End PBXResourcesBuildPhase section */

/* Begin PBXSourcesBuildPhase section */
		CF7E0EEB2AD84686003244D1 /* Sources */ = {
			isa = PBXSourcesBuildPhase;
			buildActionMask = 2147483647;
			files = (
				CF45F2D62AD86074004CAE8D /* AppDelegate.swift in Sources */,
				CF7E0EF32AD84686003244D1 /* AdHocApp.swift in Sources */,
			);
			runOnlyForDeploymentPostprocessing = 0;
		};
		CFECF1B32ADD5E5100E86AC0 /* Sources */ = {
			isa = PBXSourcesBuildPhase;
			buildActionMask = 2147483647;
			files = (
				CFECF1DE2ADD5F7800E86AC0 /* ShareViewController.swift in Sources */,
			);
			runOnlyForDeploymentPostprocessing = 0;
		};
/* End PBXSourcesBuildPhase section */

/* Begin PBXTargetDependency section */
		CFECF1C02ADD5E5100E86AC0 /* PBXTargetDependency */ = {
			isa = PBXTargetDependency;
			target = CFECF1B62ADD5E5100E86AC0 /* ShareExtensionAdHoc */;
			targetProxy = CFECF1BF2ADD5E5100E86AC0 /* PBXContainerItemProxy */;
		};
/* End PBXTargetDependency section */

/* Begin PBXVariantGroup section */
		CFECF1BB2ADD5E5100E86AC0 /* MainInterface.storyboard */ = {
			isa = PBXVariantGroup;
			children = (
				CFECF1BC2ADD5E5100E86AC0 /* Base */,
			);
			name = MainInterface.storyboard;
			sourceTree = "<group>";
		};
/* End PBXVariantGroup section */

/* Begin XCBuildConfiguration section */
		CF7E0EFB2AD84688003244D1 /* Debug */ = {
			isa = XCBuildConfiguration;
			buildSettings = {
				ALWAYS_SEARCH_USER_PATHS = NO;
				ASSETCATALOG_COMPILER_GENERATE_SWIFT_ASSET_SYMBOL_EXTENSIONS = YES;
				CLANG_ANALYZER_NONNULL = YES;
				CLANG_ANALYZER_NUMBER_OBJECT_CONVERSION = YES_AGGRESSIVE;
				CLANG_CXX_LANGUAGE_STANDARD = "gnu++20";
				CLANG_ENABLE_MODULES = YES;
				CLANG_ENABLE_OBJC_ARC = YES;
				CLANG_ENABLE_OBJC_WEAK = YES;
				CLANG_WARN_BLOCK_CAPTURE_AUTORELEASING = YES;
				CLANG_WARN_BOOL_CONVERSION = YES;
				CLANG_WARN_COMMA = YES;
				CLANG_WARN_CONSTANT_CONVERSION = YES;
				CLANG_WARN_DEPRECATED_OBJC_IMPLEMENTATIONS = YES;
				CLANG_WARN_DIRECT_OBJC_ISA_USAGE = YES_ERROR;
				CLANG_WARN_DOCUMENTATION_COMMENTS = YES;
				CLANG_WARN_EMPTY_BODY = YES;
				CLANG_WARN_ENUM_CONVERSION = YES;
				CLANG_WARN_INFINITE_RECURSION = YES;
				CLANG_WARN_INT_CONVERSION = YES;
				CLANG_WARN_NON_LITERAL_NULL_CONVERSION = YES;
				CLANG_WARN_OBJC_IMPLICIT_RETAIN_SELF = YES;
				CLANG_WARN_OBJC_LITERAL_CONVERSION = YES;
				CLANG_WARN_OBJC_ROOT_CLASS = YES_ERROR;
				CLANG_WARN_QUOTED_INCLUDE_IN_FRAMEWORK_HEADER = YES;
				CLANG_WARN_RANGE_LOOP_ANALYSIS = YES;
				CLANG_WARN_STRICT_PROTOTYPES = YES;
				CLANG_WARN_SUSPICIOUS_MOVE = YES;
				CLANG_WARN_UNGUARDED_AVAILABILITY = YES_AGGRESSIVE;
				CLANG_WARN_UNREACHABLE_CODE = YES;
				CLANG_WARN__DUPLICATE_METHOD_MATCH = YES;
				CODE_SIGN_IDENTITY = "Apple Distribution";
				CODE_SIGN_STYLE = Manual;
				CURRENT_PROJECT_VERSION = 10;
				DYLIB_CURRENT_VERSION = 1;
				ENABLE_STRICT_OBJC_MSGSEND = YES;
				ENABLE_TESTABILITY = YES;
				ENABLE_USER_SCRIPT_SANDBOXING = YES;
				GCC_C_LANGUAGE_STANDARD = gnu17;
				GCC_DYNAMIC_NO_PIC = NO;
				GCC_NO_COMMON_BLOCKS = YES;
				GCC_OPTIMIZATION_LEVEL = s;
				GCC_PREPROCESSOR_DEFINITIONS = (
					"DEBUG=1",
					"$(inherited)",
				);
				GCC_WARN_64_TO_32_BIT_CONVERSION = YES;
				GCC_WARN_ABOUT_RETURN_TYPE = YES_ERROR;
				GCC_WARN_UNDECLARED_SELECTOR = YES;
				GCC_WARN_UNINITIALIZED_AUTOS = YES_AGGRESSIVE;
				GCC_WARN_UNUSED_FUNCTION = YES;
				GCC_WARN_UNUSED_VARIABLE = YES;
				GENERATE_INFOPLIST_FILE = YES;
				INFOPLIST_KEY_CFBundleDisplayName = CertsCheck;
				IPHONEOS_DEPLOYMENT_TARGET = 18.0;
				LOCALIZATION_PREFERS_STRING_CATALOGS = YES;
				MARKETING_VERSION = 1.2.0;
				MTL_ENABLE_DEBUG_INFO = INCLUDE_SOURCE;
				MTL_FAST_MATH = YES;
				ONLY_ACTIVE_ARCH = YES;
				PRODUCT_BUNDLE_IDENTIFIER = moe.nnsnodnb.SSLCertificateCheck;
				PROVISIONING_PROFILE_SPECIFIER = "match AdHoc moe.nnsnodnb.SSLCertificateCheck";
				SDKROOT = iphoneos;
				STRING_CATALOG_GENERATE_SYMBOLS = YES;
				SWIFT_ACTIVE_COMPILATION_CONDITIONS = "DEBUG $(inherited)";
				_EXPERIMENTAL_SWIFT_EXPLICIT_MODULES = YES;
			};
			name = Debug;
		};
		CF7E0EFC2AD84688003244D1 /* Release */ = {
			isa = XCBuildConfiguration;
			buildSettings = {
				ALWAYS_SEARCH_USER_PATHS = NO;
				ASSETCATALOG_COMPILER_GENERATE_SWIFT_ASSET_SYMBOL_EXTENSIONS = YES;
				CLANG_ANALYZER_NONNULL = YES;
				CLANG_ANALYZER_NUMBER_OBJECT_CONVERSION = YES_AGGRESSIVE;
				CLANG_CXX_LANGUAGE_STANDARD = "gnu++20";
				CLANG_ENABLE_MODULES = YES;
				CLANG_ENABLE_OBJC_ARC = YES;
				CLANG_ENABLE_OBJC_WEAK = YES;
				CLANG_WARN_BLOCK_CAPTURE_AUTORELEASING = YES;
				CLANG_WARN_BOOL_CONVERSION = YES;
				CLANG_WARN_COMMA = YES;
				CLANG_WARN_CONSTANT_CONVERSION = YES;
				CLANG_WARN_DEPRECATED_OBJC_IMPLEMENTATIONS = YES;
				CLANG_WARN_DIRECT_OBJC_ISA_USAGE = YES_ERROR;
				CLANG_WARN_DOCUMENTATION_COMMENTS = YES;
				CLANG_WARN_EMPTY_BODY = YES;
				CLANG_WARN_ENUM_CONVERSION = YES;
				CLANG_WARN_INFINITE_RECURSION = YES;
				CLANG_WARN_INT_CONVERSION = YES;
				CLANG_WARN_NON_LITERAL_NULL_CONVERSION = YES;
				CLANG_WARN_OBJC_IMPLICIT_RETAIN_SELF = YES;
				CLANG_WARN_OBJC_LITERAL_CONVERSION = YES;
				CLANG_WARN_OBJC_ROOT_CLASS = YES_ERROR;
				CLANG_WARN_QUOTED_INCLUDE_IN_FRAMEWORK_HEADER = YES;
				CLANG_WARN_RANGE_LOOP_ANALYSIS = YES;
				CLANG_WARN_STRICT_PROTOTYPES = YES;
				CLANG_WARN_SUSPICIOUS_MOVE = YES;
				CLANG_WARN_UNGUARDED_AVAILABILITY = YES_AGGRESSIVE;
				CLANG_WARN_UNREACHABLE_CODE = YES;
				CLANG_WARN__DUPLICATE_METHOD_MATCH = YES;
				CODE_SIGN_IDENTITY = "Apple Distribution";
				CODE_SIGN_STYLE = Manual;
				CURRENT_PROJECT_VERSION = 10;
				DYLIB_CURRENT_VERSION = 1;
				ENABLE_NS_ASSERTIONS = NO;
				ENABLE_STRICT_OBJC_MSGSEND = YES;
				ENABLE_USER_SCRIPT_SANDBOXING = YES;
				GCC_C_LANGUAGE_STANDARD = gnu17;
				GCC_NO_COMMON_BLOCKS = YES;
				GCC_WARN_64_TO_32_BIT_CONVERSION = YES;
				GCC_WARN_ABOUT_RETURN_TYPE = YES_ERROR;
				GCC_WARN_UNDECLARED_SELECTOR = YES;
				GCC_WARN_UNINITIALIZED_AUTOS = YES_AGGRESSIVE;
				GCC_WARN_UNUSED_FUNCTION = YES;
				GCC_WARN_UNUSED_VARIABLE = YES;
				GENERATE_INFOPLIST_FILE = YES;
				INFOPLIST_KEY_CFBundleDisplayName = CertsCheck;
				IPHONEOS_DEPLOYMENT_TARGET = 18.0;
				LOCALIZATION_PREFERS_STRING_CATALOGS = YES;
				MARKETING_VERSION = 1.2.0;
				MTL_ENABLE_DEBUG_INFO = NO;
				MTL_FAST_MATH = YES;
				PRODUCT_BUNDLE_IDENTIFIER = moe.nnsnodnb.SSLCertificateCheck;
				PROVISIONING_PROFILE_SPECIFIER = "match AdHoc moe.nnsnodnb.SSLCertificateCheck";
				SDKROOT = iphoneos;
				STRING_CATALOG_GENERATE_SYMBOLS = YES;
				SWIFT_COMPILATION_MODE = wholemodule;
				VALIDATE_PRODUCT = YES;
				_EXPERIMENTAL_SWIFT_EXPLICIT_MODULES = YES;
			};
			name = Release;
		};
		CF7E0EFE2AD84688003244D1 /* Debug */ = {
			isa = XCBuildConfiguration;
			buildSettings = {
				ASSETCATALOG_COMPILER_APPICON_NAME = AppIcon;
				CODE_SIGN_ENTITLEMENTS = AdHoc/AdHoc.entitlements;
				DEVELOPMENT_ASSET_PATHS = "\"AdHoc/Preview Content\"";
				DEVELOPMENT_TEAM = 99649YXF6E;
				ENABLE_PREVIEWS = YES;
				INFOPLIST_FILE = AdHoc/Info.plist;
				INFOPLIST_KEY_CFBundleDisplayName = CertsCheck;
				INFOPLIST_KEY_UIApplicationSceneManifest_Generation = YES;
				INFOPLIST_KEY_UIApplicationSupportsIndirectInputEvents = YES;
				INFOPLIST_KEY_UILaunchScreen_Generation = YES;
				INFOPLIST_KEY_UISupportedInterfaceOrientations_iPad = "UIInterfaceOrientationPortrait UIInterfaceOrientationPortraitUpsideDown UIInterfaceOrientationLandscapeLeft UIInterfaceOrientationLandscapeRight";
				INFOPLIST_KEY_UISupportedInterfaceOrientations_iPhone = "UIInterfaceOrientationPortrait UIInterfaceOrientationLandscapeLeft UIInterfaceOrientationLandscapeRight";
				LD_RUNPATH_SEARCH_PATHS = (
					"$(inherited)",
					"@executable_path/Frameworks",
				);
				PRODUCT_NAME = "$(TARGET_NAME)";
				SUPPORTED_PLATFORMS = "iphoneos iphonesimulator";
				SUPPORTS_MACCATALYST = NO;
				SUPPORTS_MAC_DESIGNED_FOR_IPHONE_IPAD = NO;
				SWIFT_EMIT_LOC_STRINGS = YES;
				SWIFT_VERSION = 6.0;
			};
			name = Debug;
		};
		CF7E0EFF2AD84688003244D1 /* Release */ = {
			isa = XCBuildConfiguration;
			buildSettings = {
				ASSETCATALOG_COMPILER_APPICON_NAME = AppIcon;
				CODE_SIGN_ENTITLEMENTS = AdHoc/AdHoc.entitlements;
				DEVELOPMENT_ASSET_PATHS = "\"AdHoc/Preview Content\"";
				DEVELOPMENT_TEAM = 99649YXF6E;
				ENABLE_PREVIEWS = YES;
				INFOPLIST_FILE = AdHoc/Info.plist;
				INFOPLIST_KEY_CFBundleDisplayName = CertsCheck;
				INFOPLIST_KEY_UIApplicationSceneManifest_Generation = YES;
				INFOPLIST_KEY_UIApplicationSupportsIndirectInputEvents = YES;
				INFOPLIST_KEY_UILaunchScreen_Generation = YES;
				INFOPLIST_KEY_UISupportedInterfaceOrientations_iPad = "UIInterfaceOrientationPortrait UIInterfaceOrientationPortraitUpsideDown UIInterfaceOrientationLandscapeLeft UIInterfaceOrientationLandscapeRight";
				INFOPLIST_KEY_UISupportedInterfaceOrientations_iPhone = "UIInterfaceOrientationPortrait UIInterfaceOrientationLandscapeLeft UIInterfaceOrientationLandscapeRight";
				LD_RUNPATH_SEARCH_PATHS = (
					"$(inherited)",
					"@executable_path/Frameworks",
				);
				PRODUCT_NAME = "$(TARGET_NAME)";
				SUPPORTED_PLATFORMS = "iphoneos iphonesimulator";
				SUPPORTS_MACCATALYST = NO;
				SUPPORTS_MAC_DESIGNED_FOR_IPHONE_IPAD = NO;
				SWIFT_EMIT_LOC_STRINGS = YES;
				SWIFT_VERSION = 6.0;
			};
			name = Release;
		};
		CFECF1C32ADD5E5100E86AC0 /* Debug */ = {
			isa = XCBuildConfiguration;
			buildSettings = {
				CLANG_ENABLE_MODULES = YES;
				COPY_PHASE_STRIP = NO;
				DEBUG_INFORMATION_FORMAT = dwarf;
				DEVELOPMENT_TEAM = "";
				"DEVELOPMENT_TEAM[sdk=iphoneos*]" = 99649YXF6E;
				ENABLE_TESTABILITY = YES;
				GCC_OPTIMIZATION_LEVEL = 0;
				GENERATE_INFOPLIST_FILE = YES;
				INFOPLIST_FILE = ShareExtensionAdHoc/Info.plist;
				INFOPLIST_KEY_CFBundleDisplayName = ShareExtensionAdHoc;
				INFOPLIST_KEY_NSHumanReadableCopyright = "";
				LD_RUNPATH_SEARCH_PATHS = (
					"$(inherited)",
					"@executable_path/Frameworks",
					"@executable_path/../../Frameworks",
				);
				PRODUCT_BUNDLE_IDENTIFIER = moe.nnsnodnb.SSLCertificateCheck.ShareExtension;
				PRODUCT_NAME = "$(TARGET_NAME)";
				PROVISIONING_PROFILE_SPECIFIER = "";
				"PROVISIONING_PROFILE_SPECIFIER[sdk=iphoneos*]" = "match AdHoc moe.nnsnodnb.SSLCertificateCheck.ShareExtension";
				SKIP_INSTALL = YES;
				SUPPORTED_PLATFORMS = "iphoneos iphonesimulator";
				SUPPORTS_MACCATALYST = NO;
				SUPPORTS_MAC_DESIGNED_FOR_IPHONE_IPAD = NO;
				SWIFT_EMIT_LOC_STRINGS = YES;
				SWIFT_OPTIMIZATION_LEVEL = "-Onone";
				SWIFT_VERSION = 6.0;
				TARGETED_DEVICE_FAMILY = "1,2";
			};
			name = Debug;
		};
		CFECF1C42ADD5E5100E86AC0 /* Release */ = {
			isa = XCBuildConfiguration;
			buildSettings = {
				CLANG_ENABLE_MODULES = YES;
				COPY_PHASE_STRIP = NO;
				DEBUG_INFORMATION_FORMAT = "dwarf-with-dsym";
				DEVELOPMENT_TEAM = "";
				"DEVELOPMENT_TEAM[sdk=iphoneos*]" = 99649YXF6E;
				GENERATE_INFOPLIST_FILE = YES;
				INFOPLIST_FILE = ShareExtensionAdHoc/Info.plist;
				INFOPLIST_KEY_CFBundleDisplayName = ShareExtensionAdHoc;
				INFOPLIST_KEY_NSHumanReadableCopyright = "";
				LD_RUNPATH_SEARCH_PATHS = (
					"$(inherited)",
					"@executable_path/Frameworks",
					"@executable_path/../../Frameworks",
				);
				PRODUCT_BUNDLE_IDENTIFIER = moe.nnsnodnb.SSLCertificateCheck.ShareExtension;
				PRODUCT_NAME = "$(TARGET_NAME)";
				PROVISIONING_PROFILE_SPECIFIER = "";
				"PROVISIONING_PROFILE_SPECIFIER[sdk=iphoneos*]" = "match AdHoc moe.nnsnodnb.SSLCertificateCheck.ShareExtension";
				SKIP_INSTALL = YES;
				SUPPORTED_PLATFORMS = "iphoneos iphonesimulator";
				SUPPORTS_MACCATALYST = NO;
				SUPPORTS_MAC_DESIGNED_FOR_IPHONE_IPAD = NO;
				SWIFT_EMIT_LOC_STRINGS = YES;
				SWIFT_VERSION = 6.0;
				TARGETED_DEVICE_FAMILY = "1,2";
			};
			name = Release;
		};
/* End XCBuildConfiguration section */

/* Begin XCConfigurationList section */
		CF7E0EEA2AD84686003244D1 /* Build configuration list for PBXProject "AdHoc" */ = {
			isa = XCConfigurationList;
			buildConfigurations = (
				CF7E0EFB2AD84688003244D1 /* Debug */,
				CF7E0EFC2AD84688003244D1 /* Release */,
			);
			defaultConfigurationIsVisible = 0;
			defaultConfigurationName = Release;
		};
		CF7E0EFD2AD84688003244D1 /* Build configuration list for PBXNativeTarget "AdHoc" */ = {
			isa = XCConfigurationList;
			buildConfigurations = (
				CF7E0EFE2AD84688003244D1 /* Debug */,
				CF7E0EFF2AD84688003244D1 /* Release */,
			);
			defaultConfigurationIsVisible = 0;
			defaultConfigurationName = Release;
		};
		CFECF1C22ADD5E5100E86AC0 /* Build configuration list for PBXNativeTarget "ShareExtensionAdHoc" */ = {
			isa = XCConfigurationList;
			buildConfigurations = (
				CFECF1C32ADD5E5100E86AC0 /* Debug */,
				CFECF1C42ADD5E5100E86AC0 /* Release */,
			);
			defaultConfigurationIsVisible = 0;
			defaultConfigurationName = Release;
		};
/* End XCConfigurationList section */

/* Begin XCSwiftPackageProductDependency section */
		CF7E0F012AD846A3003244D1 /* SSLCertificateCheckPackage */ = {
			isa = XCSwiftPackageProductDependency;
			productName = SSLCertificateCheckPackage;
		};
		CFECF1C52ADD5EA900E86AC0 /* Share */ = {
			isa = XCSwiftPackageProductDependency;
			productName = Share;
		};
/* End XCSwiftPackageProductDependency section */
	};
	rootObject = CF7E0EE72AD84686003244D1 /* Project object */;
}
