// !$*UTF8*$!
{
	archiveVersion = 1;
	classes = {
	};
	objectVersion = 56;
	objects = {

/* Begin PBXBuildFile section */
		CF394FEB2B32E8EF0031D75A /* AppClip in Frameworks */ = {isa = PBXBuildFile; productRef = CF394FEA2B32E8EF0031D75A /* AppClip */; };
		CF45F2CE2AD85E54004CAE8D /* GoogleService-Info.plist in Resources */ = {isa = PBXBuildFile; fileRef = CF45F2CD2AD85E54004CAE8D /* GoogleService-Info.plist */; };
		CF45F2D42AD85FBF004CAE8D /* AppDelegate.swift in Sources */ = {isa = PBXBuildFile; fileRef = CF45F2D32AD85FBF004CAE8D /* AppDelegate.swift */; };
		CF7E0EB72AD835C7003244D1 /* DevelopApp.swift in Sources */ = {isa = PBXBuildFile; fileRef = CF7E0EB62AD835C7003244D1 /* DevelopApp.swift */; };
		CF7E0EBB2AD835C8003244D1 /* Assets.xcassets in Resources */ = {isa = PBXBuildFile; fileRef = CF7E0EBA2AD835C8003244D1 /* Assets.xcassets */; };
		CF7E0EBE2AD835C8003244D1 /* Preview Assets.xcassets in Resources */ = {isa = PBXBuildFile; fileRef = CF7E0EBD2AD835C8003244D1 /* Preview Assets.xcassets */; };
		CF7E0EE52AD83B2F003244D1 /* SSLCertificateCheckPackage in Frameworks */ = {isa = PBXBuildFile; productRef = CF7E0EE42AD83B2F003244D1 /* SSLCertificateCheckPackage */; };
		CF9DDC452B1DD4C500A1250A /* AppClipExtensionApp.swift in Sources */ = {isa = PBXBuildFile; fileRef = CF9DDC442B1DD4C500A1250A /* AppClipExtensionApp.swift */; };
		CF9DDC492B1DD4C600A1250A /* Assets.xcassets in Resources */ = {isa = PBXBuildFile; fileRef = CF9DDC482B1DD4C600A1250A /* Assets.xcassets */; };
		CF9DDC4C2B1DD4C600A1250A /* Preview Assets.xcassets in Resources */ = {isa = PBXBuildFile; fileRef = CF9DDC4B2B1DD4C600A1250A /* Preview Assets.xcassets */; };
		CF9DDC512B1DD4C600A1250A /* AppClipExtension.app in Embed App Clips */ = {isa = PBXBuildFile; fileRef = CF9DDC422B1DD4C500A1250A /* AppClipExtension.app */; settings = {ATTRIBUTES = (RemoveHeadersOnCopy, ); }; };
		CFECF1A92ADD5D9100E86AC0 /* MainInterface.storyboard in Resources */ = {isa = PBXBuildFile; fileRef = CFECF1A72ADD5D9100E86AC0 /* MainInterface.storyboard */; };
		CFECF1AD2ADD5D9100E86AC0 /* ShareExtensionDevelop.appex in Embed Foundation Extensions */ = {isa = PBXBuildFile; fileRef = CFECF1A32ADD5D9000E86AC0 /* ShareExtensionDevelop.appex */; settings = {ATTRIBUTES = (RemoveHeadersOnCopy, ); }; };
		CFECF1B22ADD5DE800E86AC0 /* Share in Frameworks */ = {isa = PBXBuildFile; productRef = CFECF1B12ADD5DE800E86AC0 /* Share */; };
		CFECF1E02ADD5F8400E86AC0 /* ShareViewController.swift in Sources */ = {isa = PBXBuildFile; fileRef = CFECF1DF2ADD5F8400E86AC0 /* ShareViewController.swift */; };
/* End PBXBuildFile section */

/* Begin PBXContainerItemProxy section */
		CF9DDC4F2B1DD4C600A1250A /* PBXContainerItemProxy */ = {
			isa = PBXContainerItemProxy;
			containerPortal = CF7E0EAB2AD835C7003244D1 /* Project object */;
			proxyType = 1;
			remoteGlobalIDString = CF9DDC412B1DD4C500A1250A;
			remoteInfo = AppClipExtension;
		};
		CFECF1AB2ADD5D9100E86AC0 /* PBXContainerItemProxy */ = {
			isa = PBXContainerItemProxy;
			containerPortal = CF7E0EAB2AD835C7003244D1 /* Project object */;
			proxyType = 1;
			remoteGlobalIDString = CFECF1A22ADD5D9000E86AC0;
			remoteInfo = ShareExtensionDevelop;
		};
/* End PBXContainerItemProxy section */

/* Begin PBXCopyFilesBuildPhase section */
		CF9DDC522B1DD4C600A1250A /* Embed App Clips */ = {
			isa = PBXCopyFilesBuildPhase;
			buildActionMask = 2147483647;
			dstPath = "$(CONTENTS_FOLDER_PATH)/AppClips";
			dstSubfolderSpec = 16;
			files = (
				CF9DDC512B1DD4C600A1250A /* AppClipExtension.app in Embed App Clips */,
			);
			name = "Embed App Clips";
			runOnlyForDeploymentPostprocessing = 0;
		};
		CFECF1152ADD494900E86AC0 /* Embed Foundation Extensions */ = {
			isa = PBXCopyFilesBuildPhase;
			buildActionMask = 2147483647;
			dstPath = "";
			dstSubfolderSpec = 13;
			files = (
				CFECF1AD2ADD5D9100E86AC0 /* ShareExtensionDevelop.appex in Embed Foundation Extensions */,
			);
			name = "Embed Foundation Extensions";
			runOnlyForDeploymentPostprocessing = 0;
		};
/* End PBXCopyFilesBuildPhase section */

/* Begin PBXFileReference section */
		CF45F2CD2AD85E54004CAE8D /* GoogleService-Info.plist */ = {isa = PBXFileReference; fileEncoding = 4; lastKnownFileType = text.plist.xml; path = "GoogleService-Info.plist"; sourceTree = "<group>"; };
		CF45F2D32AD85FBF004CAE8D /* AppDelegate.swift */ = {isa = PBXFileReference; lastKnownFileType = sourcecode.swift; path = AppDelegate.swift; sourceTree = "<group>"; };
		CF4E2F352ADEE40000ECB5A2 /* Info.plist */ = {isa = PBXFileReference; lastKnownFileType = text.plist; path = Info.plist; sourceTree = "<group>"; };
		CF7E0EB32AD835C7003244D1 /* Develop.app */ = {isa = PBXFileReference; explicitFileType = wrapper.application; includeInIndex = 0; path = Develop.app; sourceTree = BUILT_PRODUCTS_DIR; };
		CF7E0EB62AD835C7003244D1 /* DevelopApp.swift */ = {isa = PBXFileReference; lastKnownFileType = sourcecode.swift; path = DevelopApp.swift; sourceTree = "<group>"; };
		CF7E0EBA2AD835C8003244D1 /* Assets.xcassets */ = {isa = PBXFileReference; lastKnownFileType = folder.assetcatalog; path = Assets.xcassets; sourceTree = "<group>"; };
		CF7E0EBD2AD835C8003244D1 /* Preview Assets.xcassets */ = {isa = PBXFileReference; lastKnownFileType = folder.assetcatalog; path = "Preview Assets.xcassets"; sourceTree = "<group>"; };
		CF9DDC422B1DD4C500A1250A /* AppClipExtension.app */ = {isa = PBXFileReference; explicitFileType = wrapper.application; includeInIndex = 0; path = AppClipExtension.app; sourceTree = BUILT_PRODUCTS_DIR; };
		CF9DDC442B1DD4C500A1250A /* AppClipExtensionApp.swift */ = {isa = PBXFileReference; lastKnownFileType = sourcecode.swift; path = AppClipExtensionApp.swift; sourceTree = "<group>"; };
		CF9DDC482B1DD4C600A1250A /* Assets.xcassets */ = {isa = PBXFileReference; lastKnownFileType = folder.assetcatalog; path = Assets.xcassets; sourceTree = "<group>"; };
		CF9DDC4B2B1DD4C600A1250A /* Preview Assets.xcassets */ = {isa = PBXFileReference; lastKnownFileType = folder.assetcatalog; path = "Preview Assets.xcassets"; sourceTree = "<group>"; };
		CF9DDC4D2B1DD4C600A1250A /* Info.plist */ = {isa = PBXFileReference; lastKnownFileType = text.plist.xml; path = Info.plist; sourceTree = "<group>"; };
		CF9DDC4E2B1DD4C600A1250A /* AppClipExtension.entitlements */ = {isa = PBXFileReference; lastKnownFileType = text.plist.entitlements; path = AppClipExtension.entitlements; sourceTree = "<group>"; };
		CFBD32DF2ADC0BAA00AE46D3 /* PrivacyInfo.xcprivacy */ = {isa = PBXFileReference; lastKnownFileType = text.xml; path = PrivacyInfo.xcprivacy; sourceTree = "<group>"; };
		CFBD32E22ADC655E00AE46D3 /* Develop.entitlements */ = {isa = PBXFileReference; lastKnownFileType = text.plist.entitlements; path = Develop.entitlements; sourceTree = "<group>"; };
		CFECF1A32ADD5D9000E86AC0 /* ShareExtensionDevelop.appex */ = {isa = PBXFileReference; explicitFileType = "wrapper.app-extension"; includeInIndex = 0; path = ShareExtensionDevelop.appex; sourceTree = BUILT_PRODUCTS_DIR; };
		CFECF1A82ADD5D9100E86AC0 /* Base */ = {isa = PBXFileReference; lastKnownFileType = file.storyboard; name = Base; path = Base.lproj/MainInterface.storyboard; sourceTree = "<group>"; };
		CFECF1AA2ADD5D9100E86AC0 /* Info.plist */ = {isa = PBXFileReference; lastKnownFileType = text.plist.xml; path = Info.plist; sourceTree = "<group>"; };
		CFECF1DF2ADD5F8400E86AC0 /* ShareViewController.swift */ = {isa = PBXFileReference; fileEncoding = 4; lastKnownFileType = sourcecode.swift; name = ShareViewController.swift; path = ../../ShareExtension/ShareViewController.swift; sourceTree = "<group>"; };
/* End PBXFileReference section */

/* Begin PBXFrameworksBuildPhase section */
		CF7E0EB02AD835C7003244D1 /* Frameworks */ = {
			isa = PBXFrameworksBuildPhase;
			buildActionMask = 2147483647;
			files = (
				CF7E0EE52AD83B2F003244D1 /* SSLCertificateCheckPackage in Frameworks */,
			);
			runOnlyForDeploymentPostprocessing = 0;
		};
		CF9DDC3F2B1DD4C500A1250A /* Frameworks */ = {
			isa = PBXFrameworksBuildPhase;
			buildActionMask = 2147483647;
			files = (
				CF394FEB2B32E8EF0031D75A /* AppClip in Frameworks */,
			);
			runOnlyForDeploymentPostprocessing = 0;
		};
		CFECF1A02ADD5D9000E86AC0 /* Frameworks */ = {
			isa = PBXFrameworksBuildPhase;
			buildActionMask = 2147483647;
			files = (
				CFECF1B22ADD5DE800E86AC0 /* Share in Frameworks */,
			);
			runOnlyForDeploymentPostprocessing = 0;
		};
/* End PBXFrameworksBuildPhase section */

/* Begin PBXGroup section */
		CF7E0EAA2AD835C7003244D1 = {
			isa = PBXGroup;
			children = (
				CF7E0EB52AD835C7003244D1 /* Develop */,
				CF9DDC432B1DD4C500A1250A /* AppClipExtension */,
				CFECF1A42ADD5D9100E86AC0 /* ShareExtensionDevelop */,
				CF7E0EB42AD835C7003244D1 /* Products */,
				CF7E0EE12AD83856003244D1 /* Frameworks */,
			);
			sourceTree = "<group>";
		};
		CF7E0EB42AD835C7003244D1 /* Products */ = {
			isa = PBXGroup;
			children = (
				CF7E0EB32AD835C7003244D1 /* Develop.app */,
				CFECF1A32ADD5D9000E86AC0 /* ShareExtensionDevelop.appex */,
				CF9DDC422B1DD4C500A1250A /* AppClipExtension.app */,
			);
			name = Products;
			sourceTree = "<group>";
		};
		CF7E0EB52AD835C7003244D1 /* Develop */ = {
			isa = PBXGroup;
			children = (
				CF4E2F352ADEE40000ECB5A2 /* Info.plist */,
				CFBD32E22ADC655E00AE46D3 /* Develop.entitlements */,
				CF45F2D32AD85FBF004CAE8D /* AppDelegate.swift */,
				CF7E0EB62AD835C7003244D1 /* DevelopApp.swift */,
				CF45F2CD2AD85E54004CAE8D /* GoogleService-Info.plist */,
				CF7E0EBA2AD835C8003244D1 /* Assets.xcassets */,
				CFBD32DF2ADC0BAA00AE46D3 /* PrivacyInfo.xcprivacy */,
				CF7E0EBC2AD835C8003244D1 /* Preview Content */,
			);
			path = Develop;
			sourceTree = "<group>";
		};
		CF7E0EBC2AD835C8003244D1 /* Preview Content */ = {
			isa = PBXGroup;
			children = (
				CF7E0EBD2AD835C8003244D1 /* Preview Assets.xcassets */,
			);
			path = "Preview Content";
			sourceTree = "<group>";
		};
		CF7E0EE12AD83856003244D1 /* Frameworks */ = {
			isa = PBXGroup;
			children = (
			);
			name = Frameworks;
			sourceTree = "<group>";
		};
		CF9DDC432B1DD4C500A1250A /* AppClipExtension */ = {
			isa = PBXGroup;
			children = (
				CF9DDC442B1DD4C500A1250A /* AppClipExtensionApp.swift */,
				CF9DDC482B1DD4C600A1250A /* Assets.xcassets */,
				CF9DDC4D2B1DD4C600A1250A /* Info.plist */,
				CF9DDC4E2B1DD4C600A1250A /* AppClipExtension.entitlements */,
				CF9DDC4A2B1DD4C600A1250A /* Preview Content */,
			);
			path = AppClipExtension;
			sourceTree = "<group>";
		};
		CF9DDC4A2B1DD4C600A1250A /* Preview Content */ = {
			isa = PBXGroup;
			children = (
				CF9DDC4B2B1DD4C600A1250A /* Preview Assets.xcassets */,
			);
			path = "Preview Content";
			sourceTree = "<group>";
		};
		CFECF1A42ADD5D9100E86AC0 /* ShareExtensionDevelop */ = {
			isa = PBXGroup;
			children = (
				CFECF1DF2ADD5F8400E86AC0 /* ShareViewController.swift */,
				CFECF1A72ADD5D9100E86AC0 /* MainInterface.storyboard */,
				CFECF1AA2ADD5D9100E86AC0 /* Info.plist */,
			);
			path = ShareExtensionDevelop;
			sourceTree = "<group>";
		};
/* End PBXGroup section */

/* Begin PBXNativeTarget section */
		CF7E0EB22AD835C7003244D1 /* Develop */ = {
			isa = PBXNativeTarget;
			buildConfigurationList = CF7E0EC12AD835C8003244D1 /* Build configuration list for PBXNativeTarget "Develop" */;
			buildPhases = (
				CF7E0EAF2AD835C7003244D1 /* Sources */,
				CF7E0EB02AD835C7003244D1 /* Frameworks */,
				CF7E0EB12AD835C7003244D1 /* Resources */,
				CFECF1152ADD494900E86AC0 /* Embed Foundation Extensions */,
				CF9DDC522B1DD4C600A1250A /* Embed App Clips */,
			);
			buildRules = (
			);
			dependencies = (
				CFECF1AC2ADD5D9100E86AC0 /* PBXTargetDependency */,
				CF9DDC502B1DD4C600A1250A /* PBXTargetDependency */,
			);
			name = Develop;
			packageProductDependencies = (
				CF7E0EE42AD83B2F003244D1 /* SSLCertificateCheckPackage */,
			);
			productName = Develop;
			productReference = CF7E0EB32AD835C7003244D1 /* Develop.app */;
			productType = "com.apple.product-type.application";
		};
		CF9DDC412B1DD4C500A1250A /* AppClipExtension */ = {
			isa = PBXNativeTarget;
			buildConfigurationList = CF9DDC552B1DD4C600A1250A /* Build configuration list for PBXNativeTarget "AppClipExtension" */;
			buildPhases = (
				CF9DDC3E2B1DD4C500A1250A /* Sources */,
				CF9DDC3F2B1DD4C500A1250A /* Frameworks */,
				CF9DDC402B1DD4C500A1250A /* Resources */,
			);
			buildRules = (
			);
			dependencies = (
			);
			name = AppClipExtension;
			packageProductDependencies = (
				CF394FEA2B32E8EF0031D75A /* AppClip */,
			);
			productName = AppClipExtension;
			productReference = CF9DDC422B1DD4C500A1250A /* AppClipExtension.app */;
			productType = "com.apple.product-type.application.on-demand-install-capable";
		};
		CFECF1A22ADD5D9000E86AC0 /* ShareExtensionDevelop */ = {
			isa = PBXNativeTarget;
			buildConfigurationList = CFECF1AE2ADD5D9100E86AC0 /* Build configuration list for PBXNativeTarget "ShareExtensionDevelop" */;
			buildPhases = (
				CFECF19F2ADD5D9000E86AC0 /* Sources */,
				CFECF1A02ADD5D9000E86AC0 /* Frameworks */,
				CFECF1A12ADD5D9000E86AC0 /* Resources */,
			);
			buildRules = (
			);
			dependencies = (
			);
			name = ShareExtensionDevelop;
			packageProductDependencies = (
				CFECF1B12ADD5DE800E86AC0 /* Share */,
			);
			productName = ShareExtensionDevelop;
			productReference = CFECF1A32ADD5D9000E86AC0 /* ShareExtensionDevelop.appex */;
			productType = "com.apple.product-type.app-extension";
		};
/* End PBXNativeTarget section */

/* Begin PBXProject section */
		CF7E0EAB2AD835C7003244D1 /* Project object */ = {
			isa = PBXProject;
			attributes = {
				BuildIndependentTargetsInParallel = 1;
				LastSwiftUpdateCheck = 1500;
				LastUpgradeCheck = 2620;
				TargetAttributes = {
					CF7E0EB22AD835C7003244D1 = {
						CreatedOnToolsVersion = 15.0;
					};
					CF9DDC412B1DD4C500A1250A = {
						CreatedOnToolsVersion = 15.0.1;
					};
					CFECF1A22ADD5D9000E86AC0 = {
						CreatedOnToolsVersion = 15.0;
						LastSwiftMigration = 1500;
					};
				};
			};
			buildConfigurationList = CF7E0EAE2AD835C7003244D1 /* Build configuration list for PBXProject "Develop" */;
			compatibilityVersion = "Xcode 14.0";
			developmentRegion = en;
			hasScannedForEncodings = 0;
			knownRegions = (
				en,
				Base,
			);
			mainGroup = CF7E0EAA2AD835C7003244D1;
			productRefGroup = CF7E0EB42AD835C7003244D1 /* Products */;
			projectDirPath = "";
			projectRoot = "";
			targets = (
				CF7E0EB22AD835C7003244D1 /* Develop */,
				CFECF1A22ADD5D9000E86AC0 /* ShareExtensionDevelop */,
				CF9DDC412B1DD4C500A1250A /* AppClipExtension */,
			);
		};
/* End PBXProject section */

/* Begin PBXResourcesBuildPhase section */
		CF7E0EB12AD835C7003244D1 /* Resources */ = {
			isa = PBXResourcesBuildPhase;
			buildActionMask = 2147483647;
			files = (
				CF7E0EBE2AD835C8003244D1 /* Preview Assets.xcassets in Resources */,
				CF7E0EBB2AD835C8003244D1 /* Assets.xcassets in Resources */,
				CF45F2CE2AD85E54004CAE8D /* GoogleService-Info.plist in Resources */,
			);
			runOnlyForDeploymentPostprocessing = 0;
		};
		CF9DDC402B1DD4C500A1250A /* Resources */ = {
			isa = PBXResourcesBuildPhase;
			buildActionMask = 2147483647;
			files = (
				CF9DDC4C2B1DD4C600A1250A /* Preview Assets.xcassets in Resources */,
				CF9DDC492B1DD4C600A1250A /* Assets.xcassets in Resources */,
			);
			runOnlyForDeploymentPostprocessing = 0;
		};
		CFECF1A12ADD5D9000E86AC0 /* Resources */ = {
			isa = PBXResourcesBuildPhase;
			buildActionMask = 2147483647;
			files = (
				CFECF1A92ADD5D9100E86AC0 /* MainInterface.storyboard in Resources */,
			);
			runOnlyForDeploymentPostprocessing = 0;
		};
/* End PBXResourcesBuildPhase section */

/* Begin PBXSourcesBuildPhase section */
		CF7E0EAF2AD835C7003244D1 /* Sources */ = {
			isa = PBXSourcesBuildPhase;
			buildActionMask = 2147483647;
			files = (
				CF45F2D42AD85FBF004CAE8D /* AppDelegate.swift in Sources */,
				CF7E0EB72AD835C7003244D1 /* DevelopApp.swift in Sources */,
			);
			runOnlyForDeploymentPostprocessing = 0;
		};
		CF9DDC3E2B1DD4C500A1250A /* Sources */ = {
			isa = PBXSourcesBuildPhase;
			buildActionMask = 2147483647;
			files = (
				CF9DDC452B1DD4C500A1250A /* AppClipExtensionApp.swift in Sources */,
			);
			runOnlyForDeploymentPostprocessing = 0;
		};
		CFECF19F2ADD5D9000E86AC0 /* Sources */ = {
			isa = PBXSourcesBuildPhase;
			buildActionMask = 2147483647;
			files = (
				CFECF1E02ADD5F8400E86AC0 /* ShareViewController.swift in Sources */,
			);
			runOnlyForDeploymentPostprocessing = 0;
		};
/* End PBXSourcesBuildPhase section */

/* Begin PBXTargetDependency section */
		CF9DDC502B1DD4C600A1250A /* PBXTargetDependency */ = {
			isa = PBXTargetDependency;
			target = CF9DDC412B1DD4C500A1250A /* AppClipExtension */;
			targetProxy = CF9DDC4F2B1DD4C600A1250A /* PBXContainerItemProxy */;
		};
		CFECF1AC2ADD5D9100E86AC0 /* PBXTargetDependency */ = {
			isa = PBXTargetDependency;
			target = CFECF1A22ADD5D9000E86AC0 /* ShareExtensionDevelop */;
			targetProxy = CFECF1AB2ADD5D9100E86AC0 /* PBXContainerItemProxy */;
		};
/* End PBXTargetDependency section */

/* Begin PBXVariantGroup section */
		CFECF1A72ADD5D9100E86AC0 /* MainInterface.storyboard */ = {
			isa = PBXVariantGroup;
			children = (
				CFECF1A82ADD5D9100E86AC0 /* Base */,
			);
			name = MainInterface.storyboard;
			sourceTree = "<group>";
		};
/* End PBXVariantGroup section */

/* Begin XCBuildConfiguration section */
		CF7E0EBF2AD835C8003244D1 /* Debug */ = {
			isa = XCBuildConfiguration;
			buildSettings = {
				ALWAYS_SEARCH_USER_PATHS = NO;
				ASSETCATALOG_COMPILER_GENERATE_SWIFT_ASSET_SYMBOL_EXTENSIONS = YES;
				CLANG_ANALYZER_NONNULL = YES;
				CLANG_ANALYZER_NUMBER_OBJECT_CONVERSION = YES_AGGRESSIVE;
				CLANG_CXX_LANGUAGE_STANDARD = "gnu++20";
				CLANG_ENABLE_MODULES = YES;
				CLANG_ENABLE_OBJC_ARC = YES;
				CLANG_ENABLE_OBJC_WEAK = YES;
				CLANG_WARN_BLOCK_CAPTURE_AUTORELEASING = YES;
				CLANG_WARN_BOOL_CONVERSION = YES;
				CLANG_WARN_COMMA = YES;
				CLANG_WARN_CONSTANT_CONVERSION = YES;
				CLANG_WARN_DEPRECATED_OBJC_IMPLEMENTATIONS = YES;
				CLANG_WARN_DIRECT_OBJC_ISA_USAGE = YES_ERROR;
				CLANG_WARN_DOCUMENTATION_COMMENTS = YES;
				CLANG_WARN_EMPTY_BODY = YES;
				CLANG_WARN_ENUM_CONVERSION = YES;
				CLANG_WARN_INFINITE_RECURSION = YES;
				CLANG_WARN_INT_CONVERSION = YES;
				CLANG_WARN_NON_LITERAL_NULL_CONVERSION = YES;
				CLANG_WARN_OBJC_IMPLICIT_RETAIN_SELF = YES;
				CLANG_WARN_OBJC_LITERAL_CONVERSION = YES;
				CLANG_WARN_OBJC_ROOT_CLASS = YES_ERROR;
				CLANG_WARN_QUOTED_INCLUDE_IN_FRAMEWORK_HEADER = YES;
				CLANG_WARN_RANGE_LOOP_ANALYSIS = YES;
				CLANG_WARN_STRICT_PROTOTYPES = YES;
				CLANG_WARN_SUSPICIOUS_MOVE = YES;
				CLANG_WARN_UNGUARDED_AVAILABILITY = YES_AGGRESSIVE;
				CLANG_WARN_UNREACHABLE_CODE = YES;
				CLANG_WARN__DUPLICATE_METHOD_MATCH = YES;
				CODE_SIGN_STYLE = Manual;
				COPY_PHASE_STRIP = NO;
				CURRENT_PROJECT_VERSION = 9;
				DEBUG_INFORMATION_FORMAT = dwarf;
				DYLIB_CURRENT_VERSION = 1;
				ENABLE_STRICT_OBJC_MSGSEND = YES;
				ENABLE_TESTABILITY = YES;
				ENABLE_USER_SCRIPT_SANDBOXING = YES;
				GCC_C_LANGUAGE_STANDARD = gnu17;
				GCC_DYNAMIC_NO_PIC = NO;
				GCC_NO_COMMON_BLOCKS = YES;
				GCC_OPTIMIZATION_LEVEL = 0;
				GCC_PREPROCESSOR_DEFINITIONS = (
					"DEBUG=1",
					"$(inherited)",
				);
				GCC_WARN_64_TO_32_BIT_CONVERSION = YES;
				GCC_WARN_ABOUT_RETURN_TYPE = YES_ERROR;
				GCC_WARN_UNDECLARED_SELECTOR = YES;
				GCC_WARN_UNINITIALIZED_AUTOS = YES_AGGRESSIVE;
				GCC_WARN_UNUSED_FUNCTION = YES;
				GCC_WARN_UNUSED_VARIABLE = YES;
				GENERATE_INFOPLIST_FILE = YES;
				INFOPLIST_KEY_CFBundleDisplayName = CertsCheck;
				IPHONEOS_DEPLOYMENT_TARGET = 18.0;
				LOCALIZATION_PREFERS_STRING_CATALOGS = YES;
				MARKETING_VERSION = 1.1.1;
				MTL_ENABLE_DEBUG_INFO = INCLUDE_SOURCE;
				MTL_FAST_MATH = YES;
				ONLY_ACTIVE_ARCH = YES;
				PRODUCT_BUNDLE_IDENTIFIER = moe.nnsnodnb.SSLCertificateCheck;
				PROVISIONING_PROFILE_SPECIFIER = "match Development moe.nnsnodnb.SSLCertificateCheck";
				SDKROOT = iphoneos;
				STRING_CATALOG_GENERATE_SYMBOLS = YES;
				SWIFT_ACTIVE_COMPILATION_CONDITIONS = "DEBUG $(inherited)";
				SWIFT_OPTIMIZATION_LEVEL = "-Onone";
				SWIFT_STRICT_CONCURRENCY = complete;
				SWIFT_UPCOMING_FEATURE_CONCISE_MAGIC_FILE = YES;
				SWIFT_UPCOMING_FEATURE_DEPRECATE_APPLICATION_MAIN = YES;
				SWIFT_UPCOMING_FEATURE_DISABLE_OUTWARD_ACTOR_ISOLATION = YES;
				SWIFT_UPCOMING_FEATURE_EXISTENTIAL_ANY = YES;
				SWIFT_UPCOMING_FEATURE_FORWARD_TRAILING_CLOSURES = YES;
				SWIFT_UPCOMING_FEATURE_GLOBAL_CONCURRENCY = YES;
				SWIFT_UPCOMING_FEATURE_IMPLICIT_OPEN_EXISTENTIALS = YES;
				SWIFT_UPCOMING_FEATURE_IMPORT_OBJC_FORWARD_DECLS = YES;
				SWIFT_UPCOMING_FEATURE_INFER_SENDABLE_FROM_CAPTURES = YES;
				SWIFT_UPCOMING_FEATURE_INTERNAL_IMPORTS_BY_DEFAULT = YES;
				SWIFT_UPCOMING_FEATURE_ISOLATED_DEFAULT_VALUES = YES;
				SWIFT_UPCOMING_FEATURE_REGION_BASED_ISOLATION = YES;
				_EXPERIMENTAL_SWIFT_EXPLICIT_MODULES = YES;
			};
			name = Debug;
		};
		CF7E0EC02AD835C8003244D1 /* Release */ = {
			isa = XCBuildConfiguration;
			buildSettings = {
				ALWAYS_SEARCH_USER_PATHS = NO;
				ASSETCATALOG_COMPILER_GENERATE_SWIFT_ASSET_SYMBOL_EXTENSIONS = YES;
				CLANG_ANALYZER_NONNULL = YES;
				CLANG_ANALYZER_NUMBER_OBJECT_CONVERSION = YES_AGGRESSIVE;
				CLANG_CXX_LANGUAGE_STANDARD = "gnu++20";
				CLANG_ENABLE_MODULES = YES;
				CLANG_ENABLE_OBJC_ARC = YES;
				CLANG_ENABLE_OBJC_WEAK = YES;
				CLANG_WARN_BLOCK_CAPTURE_AUTORELEASING = YES;
				CLANG_WARN_BOOL_CONVERSION = YES;
				CLANG_WARN_COMMA = YES;
				CLANG_WARN_CONSTANT_CONVERSION = YES;
				CLANG_WARN_DEPRECATED_OBJC_IMPLEMENTATIONS = YES;
				CLANG_WARN_DIRECT_OBJC_ISA_USAGE = YES_ERROR;
				CLANG_WARN_DOCUMENTATION_COMMENTS = YES;
				CLANG_WARN_EMPTY_BODY = YES;
				CLANG_WARN_ENUM_CONVERSION = YES;
				CLANG_WARN_INFINITE_RECURSION = YES;
				CLANG_WARN_INT_CONVERSION = YES;
				CLANG_WARN_NON_LITERAL_NULL_CONVERSION = YES;
				CLANG_WARN_OBJC_IMPLICIT_RETAIN_SELF = YES;
				CLANG_WARN_OBJC_LITERAL_CONVERSION = YES;
				CLANG_WARN_OBJC_ROOT_CLASS = YES_ERROR;
				CLANG_WARN_QUOTED_INCLUDE_IN_FRAMEWORK_HEADER = YES;
				CLANG_WARN_RANGE_LOOP_ANALYSIS = YES;
				CLANG_WARN_STRICT_PROTOTYPES = YES;
				CLANG_WARN_SUSPICIOUS_MOVE = YES;
				CLANG_WARN_UNGUARDED_AVAILABILITY = YES_AGGRESSIVE;
				CLANG_WARN_UNREACHABLE_CODE = YES;
				CLANG_WARN__DUPLICATE_METHOD_MATCH = YES;
				CODE_SIGN_STYLE = Manual;
				COPY_PHASE_STRIP = NO;
				CURRENT_PROJECT_VERSION = 9;
				DEBUG_INFORMATION_FORMAT = "dwarf-with-dsym";
				DYLIB_CURRENT_VERSION = 1;
				ENABLE_NS_ASSERTIONS = NO;
				ENABLE_STRICT_OBJC_MSGSEND = YES;
				ENABLE_USER_SCRIPT_SANDBOXING = YES;
				GCC_C_LANGUAGE_STANDARD = gnu17;
				GCC_NO_COMMON_BLOCKS = YES;
				GCC_WARN_64_TO_32_BIT_CONVERSION = YES;
				GCC_WARN_ABOUT_RETURN_TYPE = YES_ERROR;
				GCC_WARN_UNDECLARED_SELECTOR = YES;
				GCC_WARN_UNINITIALIZED_AUTOS = YES_AGGRESSIVE;
				GCC_WARN_UNUSED_FUNCTION = YES;
				GCC_WARN_UNUSED_VARIABLE = YES;
				GENERATE_INFOPLIST_FILE = YES;
				INFOPLIST_KEY_CFBundleDisplayName = CertsCheck;
				IPHONEOS_DEPLOYMENT_TARGET = 18.0;
				LOCALIZATION_PREFERS_STRING_CATALOGS = YES;
				MARKETING_VERSION = 1.1.1;
				MTL_ENABLE_DEBUG_INFO = NO;
				MTL_FAST_MATH = YES;
				ONLY_ACTIVE_ARCH = YES;
				PRODUCT_BUNDLE_IDENTIFIER = moe.nnsnodnb.SSLCertificateCheck;
				PROVISIONING_PROFILE_SPECIFIER = "match Development moe.nnsnodnb.SSLCertificateCheck";
				SDKROOT = iphoneos;
				STRING_CATALOG_GENERATE_SYMBOLS = YES;
				SWIFT_COMPILATION_MODE = wholemodule;
				SWIFT_STRICT_CONCURRENCY = complete;
				SWIFT_UPCOMING_FEATURE_CONCISE_MAGIC_FILE = YES;
				SWIFT_UPCOMING_FEATURE_DEPRECATE_APPLICATION_MAIN = YES;
				SWIFT_UPCOMING_FEATURE_DISABLE_OUTWARD_ACTOR_ISOLATION = YES;
				SWIFT_UPCOMING_FEATURE_EXISTENTIAL_ANY = YES;
				SWIFT_UPCOMING_FEATURE_FORWARD_TRAILING_CLOSURES = YES;
				SWIFT_UPCOMING_FEATURE_GLOBAL_CONCURRENCY = YES;
				SWIFT_UPCOMING_FEATURE_IMPLICIT_OPEN_EXISTENTIALS = YES;
				SWIFT_UPCOMING_FEATURE_IMPORT_OBJC_FORWARD_DECLS = YES;
				SWIFT_UPCOMING_FEATURE_INFER_SENDABLE_FROM_CAPTURES = YES;
				SWIFT_UPCOMING_FEATURE_INTERNAL_IMPORTS_BY_DEFAULT = YES;
				SWIFT_UPCOMING_FEATURE_ISOLATED_DEFAULT_VALUES = YES;
				SWIFT_UPCOMING_FEATURE_REGION_BASED_ISOLATION = YES;
				VALIDATE_PRODUCT = YES;
				_EXPERIMENTAL_SWIFT_EXPLICIT_MODULES = YES;
			};
			name = Release;
		};
		CF7E0EC22AD835C8003244D1 /* Debug */ = {
			isa = XCBuildConfiguration;
			buildSettings = {
				ASSETCATALOG_COMPILER_APPICON_NAME = AppIcon;
				CODE_SIGN_ENTITLEMENTS = Develop/Develop.entitlements;
				DEVELOPMENT_ASSET_PATHS = "\"Develop/Preview Content\"";
				DEVELOPMENT_TEAM = 99649YXF6E;
				ENABLE_PREVIEWS = YES;
				INFOPLIST_FILE = Develop/Info.plist;
				INFOPLIST_KEY_CFBundleDisplayName = CertsCheck;
				INFOPLIST_KEY_UIApplicationSceneManifest_Generation = YES;
				INFOPLIST_KEY_UIApplicationSupportsIndirectInputEvents = YES;
				INFOPLIST_KEY_UILaunchScreen_Generation = YES;
				INFOPLIST_KEY_UISupportedInterfaceOrientations_iPad = "UIInterfaceOrientationPortrait UIInterfaceOrientationPortraitUpsideDown UIInterfaceOrientationLandscapeLeft UIInterfaceOrientationLandscapeRight";
				INFOPLIST_KEY_UISupportedInterfaceOrientations_iPhone = "UIInterfaceOrientationPortrait UIInterfaceOrientationLandscapeLeft UIInterfaceOrientationLandscapeRight";
				LD_RUNPATH_SEARCH_PATHS = (
					"$(inherited)",
					"@executable_path/Frameworks",
				);
				PRODUCT_NAME = "$(TARGET_NAME)";
				SUPPORTED_PLATFORMS = "iphoneos iphonesimulator";
				SUPPORTS_MACCATALYST = NO;
				SUPPORTS_MAC_DESIGNED_FOR_IPHONE_IPAD = NO;
				SWIFT_EMIT_LOC_STRINGS = YES;
				SWIFT_UPCOMING_FEATURE_DEPRECATE_APPLICATION_MAIN = YES;
				SWIFT_VERSION = 6.0;
			};
			name = Debug;
		};
		CF7E0EC32AD835C8003244D1 /* Release */ = {
			isa = XCBuildConfiguration;
			buildSettings = {
				ASSETCATALOG_COMPILER_APPICON_NAME = AppIcon;
				CODE_SIGN_ENTITLEMENTS = Develop/Develop.entitlements;
				DEVELOPMENT_ASSET_PATHS = "\"Develop/Preview Content\"";
				DEVELOPMENT_TEAM = 99649YXF6E;
				ENABLE_PREVIEWS = YES;
				INFOPLIST_FILE = Develop/Info.plist;
				INFOPLIST_KEY_CFBundleDisplayName = CertsCheck;
				INFOPLIST_KEY_UIApplicationSceneManifest_Generation = YES;
				INFOPLIST_KEY_UIApplicationSupportsIndirectInputEvents = YES;
				INFOPLIST_KEY_UILaunchScreen_Generation = YES;
				INFOPLIST_KEY_UISupportedInterfaceOrientations_iPad = "UIInterfaceOrientationPortrait UIInterfaceOrientationPortraitUpsideDown UIInterfaceOrientationLandscapeLeft UIInterfaceOrientationLandscapeRight";
				INFOPLIST_KEY_UISupportedInterfaceOrientations_iPhone = "UIInterfaceOrientationPortrait UIInterfaceOrientationLandscapeLeft UIInterfaceOrientationLandscapeRight";
				LD_RUNPATH_SEARCH_PATHS = (
					"$(inherited)",
					"@executable_path/Frameworks",
				);
				PRODUCT_NAME = "$(TARGET_NAME)";
				SUPPORTED_PLATFORMS = "iphoneos iphonesimulator";
				SUPPORTS_MACCATALYST = NO;
				SUPPORTS_MAC_DESIGNED_FOR_IPHONE_IPAD = NO;
				SWIFT_EMIT_LOC_STRINGS = YES;
				SWIFT_UPCOMING_FEATURE_DEPRECATE_APPLICATION_MAIN = YES;
				SWIFT_VERSION = 6.0;
			};
			name = Release;
		};
		CF9DDC532B1DD4C600A1250A /* Debug */ = {
			isa = XCBuildConfiguration;
			buildSettings = {
				ASSETCATALOG_COMPILER_APPICON_NAME = AppIcon;
				ASSETCATALOG_COMPILER_GLOBAL_ACCENT_COLOR_NAME = AccentColor;
				CODE_SIGN_ENTITLEMENTS = AppClipExtension/AppClipExtension.entitlements;
				"CODE_SIGN_IDENTITY[sdk=iphoneos*]" = "iPhone Developer";
				CODE_SIGN_STYLE = Manual;
				CURRENT_PROJECT_VERSION = 9;
				DEVELOPMENT_ASSET_PATHS = "\"AppClipExtension/Preview Content\"";
				DEVELOPMENT_TEAM = "";
				"DEVELOPMENT_TEAM[sdk=iphoneos*]" = 99649YXF6E;
				ENABLE_PREVIEWS = YES;
				ENABLE_TESTABILITY = YES;
				GENERATE_INFOPLIST_FILE = YES;
				INFOPLIST_FILE = AppClipExtension/Info.plist;
				INFOPLIST_KEY_CFBundleDisplayName = CertsCheck;
				INFOPLIST_KEY_UIApplicationSceneManifest_Generation = YES;
				INFOPLIST_KEY_UIApplicationSupportsIndirectInputEvents = YES;
				INFOPLIST_KEY_UILaunchScreen_Generation = YES;
				INFOPLIST_KEY_UISupportedInterfaceOrientations = UIInterfaceOrientationPortrait;
				INFOPLIST_KEY_UISupportedInterfaceOrientations_iPad = "UIInterfaceOrientationLandscapeLeft UIInterfaceOrientationLandscapeRight UIInterfaceOrientationPortrait UIInterfaceOrientationPortraitUpsideDown";
				LD_RUNPATH_SEARCH_PATHS = (
					"$(inherited)",
					"@executable_path/Frameworks",
				);
				MARKETING_VERSION = 1.1.1;
				PRODUCT_BUNDLE_IDENTIFIER = moe.nnsnodnb.SSLCertificateCheck.AppClip;
				PRODUCT_NAME = "$(TARGET_NAME)";
				PROVISIONING_PROFILE_SPECIFIER = "";
				"PROVISIONING_PROFILE_SPECIFIER[sdk=iphoneos*]" = "match Development moe.nnsnodnb.SSLCertificateCheck.AppClip";
				SWIFT_EMIT_LOC_STRINGS = YES;
				SWIFT_VERSION = 6.0;
			};
			name = Debug;
		};
		CF9DDC542B1DD4C600A1250A /* Release */ = {
			isa = XCBuildConfiguration;
			buildSettings = {
				ASSETCATALOG_COMPILER_APPICON_NAME = AppIcon;
				ASSETCATALOG_COMPILER_GLOBAL_ACCENT_COLOR_NAME = AccentColor;
				CODE_SIGN_ENTITLEMENTS = AppClipExtension/AppClipExtension.entitlements;
				"CODE_SIGN_IDENTITY[sdk=iphoneos*]" = "iPhone Developer";
				CODE_SIGN_STYLE = Manual;
				CURRENT_PROJECT_VERSION = 9;
				DEVELOPMENT_ASSET_PATHS = "\"AppClipExtension/Preview Content\"";
				DEVELOPMENT_TEAM = "";
				"DEVELOPMENT_TEAM[sdk=iphoneos*]" = 99649YXF6E;
				ENABLE_PREVIEWS = YES;
				GENERATE_INFOPLIST_FILE = YES;
				INFOPLIST_FILE = AppClipExtension/Info.plist;
				INFOPLIST_KEY_CFBundleDisplayName = CertsCheck;
				INFOPLIST_KEY_UIApplicationSceneManifest_Generation = YES;
				INFOPLIST_KEY_UIApplicationSupportsIndirectInputEvents = YES;
				INFOPLIST_KEY_UILaunchScreen_Generation = YES;
				INFOPLIST_KEY_UISupportedInterfaceOrientations = UIInterfaceOrientationPortrait;
				INFOPLIST_KEY_UISupportedInterfaceOrientations_iPad = "UIInterfaceOrientationLandscapeLeft UIInterfaceOrientationLandscapeRight UIInterfaceOrientationPortrait UIInterfaceOrientationPortraitUpsideDown";
				LD_RUNPATH_SEARCH_PATHS = (
					"$(inherited)",
					"@executable_path/Frameworks",
				);
				MARKETING_VERSION = 1.1.1;
				PRODUCT_BUNDLE_IDENTIFIER = moe.nnsnodnb.SSLCertificateCheck.AppClip;
				PRODUCT_NAME = "$(TARGET_NAME)";
				PROVISIONING_PROFILE_SPECIFIER = "";
				"PROVISIONING_PROFILE_SPECIFIER[sdk=iphoneos*]" = "match Development moe.nnsnodnb.SSLCertificateCheck.AppClip";
				SWIFT_EMIT_LOC_STRINGS = YES;
				SWIFT_VERSION = 6.0;
			};
			name = Release;
		};
		CFECF1AF2ADD5D9100E86AC0 /* Debug */ = {
			isa = XCBuildConfiguration;
			buildSettings = {
				CLANG_ENABLE_MODULES = YES;
				"CODE_SIGN_IDENTITY[sdk=iphoneos*]" = "iPhone Developer";
				DEVELOPMENT_TEAM = 99649YXF6E;
				"DEVELOPMENT_TEAM[sdk=iphoneos*]" = 99649YXF6E;
				ENABLE_TESTABILITY = YES;
				GENERATE_INFOPLIST_FILE = YES;
				INFOPLIST_FILE = ShareExtensionDevelop/Info.plist;
				INFOPLIST_KEY_CFBundleDisplayName = ShareExtensionDevelop;
				INFOPLIST_KEY_NSHumanReadableCopyright = "";
				LD_RUNPATH_SEARCH_PATHS = (
					"$(inherited)",
					"@executable_path/Frameworks",
					"@executable_path/../../Frameworks",
				);
				PRODUCT_BUNDLE_IDENTIFIER = moe.nnsnodnb.SSLCertificateCheck.ShareExtension;
				PRODUCT_NAME = "$(TARGET_NAME)";
				"PROVISIONING_PROFILE_SPECIFIER[sdk=iphoneos*]" = "match Development moe.nnsnodnb.SSLCertificateCheck.ShareExtension";
				SKIP_INSTALL = YES;
				SUPPORTED_PLATFORMS = "iphoneos iphonesimulator";
				SUPPORTS_MACCATALYST = NO;
				SUPPORTS_MAC_DESIGNED_FOR_IPHONE_IPAD = NO;
				SWIFT_EMIT_LOC_STRINGS = YES;
				SWIFT_OPTIMIZATION_LEVEL = "-Onone";
				SWIFT_VERSION = 6.0;
				TARGETED_DEVICE_FAMILY = "1,2";
			};
			name = Debug;
		};
		CFECF1B02ADD5D9100E86AC0 /* Release */ = {
			isa = XCBuildConfiguration;
			buildSettings = {
				CLANG_ENABLE_MODULES = YES;
				"CODE_SIGN_IDENTITY[sdk=iphoneos*]" = "iPhone Developer";
				DEVELOPMENT_TEAM = 99649YXF6E;
				"DEVELOPMENT_TEAM[sdk=iphoneos*]" = 99649YXF6E;
				GENERATE_INFOPLIST_FILE = YES;
				INFOPLIST_FILE = ShareExtensionDevelop/Info.plist;
				INFOPLIST_KEY_CFBundleDisplayName = ShareExtensionDevelop;
				INFOPLIST_KEY_NSHumanReadableCopyright = "";
				LD_RUNPATH_SEARCH_PATHS = (
					"$(inherited)",
					"@executable_path/Frameworks",
					"@executable_path/../../Frameworks",
				);
				PRODUCT_BUNDLE_IDENTIFIER = moe.nnsnodnb.SSLCertificateCheck.ShareExtension;
				PRODUCT_NAME = "$(TARGET_NAME)";
				"PROVISIONING_PROFILE_SPECIFIER[sdk=iphoneos*]" = "match Development moe.nnsnodnb.SSLCertificateCheck.ShareExtension";
				SKIP_INSTALL = YES;
				SUPPORTED_PLATFORMS = "iphoneos iphonesimulator";
				SUPPORTS_MACCATALYST = NO;
				SUPPORTS_MAC_DESIGNED_FOR_IPHONE_IPAD = NO;
				SWIFT_EMIT_LOC_STRINGS = YES;
				SWIFT_VERSION = 6.0;
				TARGETED_DEVICE_FAMILY = "1,2";
			};
			name = Release;
		};
/* End XCBuildConfiguration section */

/* Begin XCConfigurationList section */
		CF7E0EAE2AD835C7003244D1 /* Build configuration list for PBXProject "Develop" */ = {
			isa = XCConfigurationList;
			buildConfigurations = (
				CF7E0EBF2AD835C8003244D1 /* Debug */,
				CF7E0EC02AD835C8003244D1 /* Release */,
			);
			defaultConfigurationIsVisible = 0;
			defaultConfigurationName = Release;
		};
		CF7E0EC12AD835C8003244D1 /* Build configuration list for PBXNativeTarget "Develop" */ = {
			isa = XCConfigurationList;
			buildConfigurations = (
				CF7E0EC22AD835C8003244D1 /* Debug */,
				CF7E0EC32AD835C8003244D1 /* Release */,
			);
			defaultConfigurationIsVisible = 0;
			defaultConfigurationName = Release;
		};
		CF9DDC552B1DD4C600A1250A /* Build configuration list for PBXNativeTarget "AppClipExtension" */ = {
			isa = XCConfigurationList;
			buildConfigurations = (
				CF9DDC532B1DD4C600A1250A /* Debug */,
				CF9DDC542B1DD4C600A1250A /* Release */,
			);
			defaultConfigurationIsVisible = 0;
			defaultConfigurationName = Release;
		};
		CFECF1AE2ADD5D9100E86AC0 /* Build configuration list for PBXNativeTarget "ShareExtensionDevelop" */ = {
			isa = XCConfigurationList;
			buildConfigurations = (
				CFECF1AF2ADD5D9100E86AC0 /* Debug */,
				CFECF1B02ADD5D9100E86AC0 /* Release */,
			);
			defaultConfigurationIsVisible = 0;
			defaultConfigurationName = Release;
		};
/* End XCConfigurationList section */

/* Begin XCSwiftPackageProductDependency section */
		CF394FEA2B32E8EF0031D75A /* AppClip */ = {
			isa = XCSwiftPackageProductDependency;
			productName = AppClip;
		};
		CF7E0EE42AD83B2F003244D1 /* SSLCertificateCheckPackage */ = {
			isa = XCSwiftPackageProductDependency;
			productName = SSLCertificateCheckPackage;
		};
		CFECF1B12ADD5DE800E86AC0 /* Share */ = {
			isa = XCSwiftPackageProductDependency;
			productName = Share;
		};
/* End XCSwiftPackageProductDependency section */
	};
	rootObject = CF7E0EAB2AD835C7003244D1 /* Project object */;
}
